<?xml version="1.0" encoding="utf-8"?>
<Project ToolsVersion="4.0" xmlns="http://schemas.microsoft.com/developer/msbuild/2003">
  <ItemGroup>
    <Filter Include="Source Files">
      <UniqueIdentifier>{4FC737F1-C7A5-4376-A066-2A32D752A2FF}</UniqueIdentifier>
      <Extensions>cpp;c;cc;cxx;def;odl;idl;hpj;bat;asm;asmx</Extensions>
    </Filter>
    <Filter Include="Header Files">
      <UniqueIdentifier>{93995380-89BD-4b04-88EB-625FBE52EBFB}</UniqueIdentifier>
      <Extensions>h;hh;hpp;hxx;hm;inl;inc;ipp;xsd</Extensions>
    </Filter>
    <Filter Include="Header Files\Demo">
      <UniqueIdentifier>{419434ab-e740-4d17-8015-d72d2f35d7a8}</UniqueIdentifier>
    </Filter>
    <Filter Include="Source Files\Demo">
      <UniqueIdentifier>{502b6091-5d89-40ea-81aa-e41414ecc361}</UniqueIdentifier>
    </Filter>
  </ItemGroup>
  <ItemGroup>
    <ClCompile Include="sources\Game.cpp">
      <Filter>Source Files</Filter>
    </ClCompile>
    <ClCompile Include="sources\MapEntity.cpp">
      <Filter>Source Files\Demo</Filter>
    </ClCompile>
    <ClCompile Include="sources\PlayerEntity.cpp">
      <Filter>Source Files\Demo</Filter>
    </ClCompile>
    <ClCompile Include="sources\Assets.cpp">
      <Filter>Source Files\Demo</Filter>
    </ClCompile>
    <ClCompile Include="includes\SceneGame.cpp">
      <Filter>Source Files\Demo</Filter>
    </ClCompile>
    <ClCompile Include="sources\GameManager.cpp">
      <Filter>Source Files\Demo</Filter>
    </ClCompile>
    <ClCompile Include="sources\ObjectInteractif.cpp">
      <Filter>Source Files\Demo</Filter>
    </ClCompile>
  </ItemGroup>
  <ItemGroup>
    <ClInclude Include="includes\MapEntity.h">
      <Filter>Header Files\Demo</Filter>
    </ClInclude>
    <ClInclude Include="includes\PlayerEntity.h">
      <Filter>Header Files\Demo</Filter>
    </ClInclude>
    <ClInclude Include="includes\Assets.h">
      <Filter>Header Files\Demo</Filter>
    </ClInclude>
    <ClInclude Include="includes\SceneGame.h">
      <Filter>Header Files\Demo</Filter>
    </ClInclude>
    <ClInclude Include="includes\GameManager.h">
      <Filter>Header Files\Demo</Filter>
    </ClInclude>
    <ClInclude Include="includes\ObjectInteractif.h">
      <Filter>Header Files\Demo</Filter>
    </ClInclude>
  </ItemGroup>
</Project>